
Microsoft Visual Studio Solution File, Format Version 12.00
# Visual Studio 14
VisualStudioVersion = 14.0.25420.1
MinimumVisualStudioVersion = 10.0.40219.1
Project("{FAE04EC0-301F-11D3-BF4B-00C04F79EFBC}") = "Contacts_Bpp.Droid", "Contacts_Bpp\Contacts_Bpp.Droid\Contacts_Bpp.Droid.csproj", "{EAF121E4-8198-4567-A605-3A48BF07395F}"
EndProject
Project("{FAE04EC0-301F-11D3-BF4B-00C04F79EFBC}") = "Contacts_Bpp.iOS", "Contacts_Bpp\Contacts_Bpp.iOS\Contacts_Bpp.iOS.csproj", "{033DEDDB-3E60-482A-9FBD-C6B5826E4D74}"
EndProject
Project("{FAE04EC0-301F-11D3-BF4B-00C04F79EFBC}") = "Contacts_Bpp", "Contacts_Bpp\Contacts_Bpp\Contacts_Bpp.csproj", "{35FA2530-DB57-4D5C-ABC2-CD076EA9A7D5}"
EndProject
Global
	GlobalSection(SolutionConfigurationPlatforms) = preSolution
		Ad-Hoc|Any CPU = Ad-Hoc|Any CPU
		Ad-Hoc|iPhone = Ad-Hoc|iPhone
		Ad-Hoc|iPhoneSimulator = Ad-Hoc|iPhoneSimulator
		AppStore|Any CPU = AppStore|Any CPU
		AppStore|iPhone = AppStore|iPhone
		AppStore|iPhoneSimulator = AppStore|iPhoneSimulator
		Debug|Any CPU = Debug|Any CPU
		Debug|iPhone = Debug|iPhone
		Debug|iPhoneSimulator = Debug|iPhoneSimulator
		Release|Any CPU = Release|Any CPU
		Release|iPhone = Release|iPhone
		Release|iPhoneSimulator = Release|iPhoneSimulator
	EndGlobalSection
	GlobalSection(ProjectConfigurationPlatforms) = postSolution
		{EAF121E4-8198-4567-A605-3A48BF07395F}.Ad-Hoc|Any CPU.ActiveCfg = Release|Any CPU
		{EAF121E4-8198-4567-A605-3A48BF07395F}.Ad-Hoc|Any CPU.Build.0 = Release|Any CPU
		{EAF121E4-8198-4567-A605-3A48BF07395F}.Ad-Hoc|Any CPU.Deploy.0 = Release|Any CPU
		{EAF121E4-8198-4567-A605-3A48BF07395F}.Ad-Hoc|iPhone.ActiveCfg = Release|Any CPU
		{EAF121E4-8198-4567-A605-3A48BF07395F}.Ad-Hoc|iPhone.Build.0 = Release|Any CPU
		{EAF121E4-8198-4567-A605-3A48BF07395F}.Ad-Hoc|iPhone.Deploy.0 = Release|Any CPU
		{EAF121E4-8198-4567-A605-3A48BF07395F}.Ad-Hoc|iPhoneSimulator.ActiveCfg = Release|Any CPU
		{EAF121E4-8198-4567-A605-3A48BF07395F}.Ad-Hoc|iPhoneSimulator.Build.0 = Release|Any CPU
		{EAF121E4-8198-4567-A605-3A48BF07395F}.Ad-Hoc|iPhoneSimulator.Deploy.0 = Release|Any CPU
		{EAF121E4-8198-4567-A605-3A48BF07395F}.AppStore|Any CPU.ActiveCfg = Release|Any CPU
		{EAF121E4-8198-4567-A605-3A48BF07395F}.AppStore|Any CPU.Build.0 = Release|Any CPU
		{EAF121E4-8198-4567-A605-3A48BF07395F}.AppStore|Any CPU.Deploy.0 = Release|Any CPU
		{EAF121E4-8198-4567-A605-3A48BF07395F}.AppStore|iPhone.ActiveCfg = Release|Any CPU
		{EAF121E4-8198-4567-A605-3A48BF07395F}.AppStore|iPhone.Build.0 = Release|Any CPU
		{EAF121E4-8198-4567-A605-3A48BF07395F}.AppStore|iPhone.Deploy.0 = Release|Any CPU
		{EAF121E4-8198-4567-A605-3A48BF07395F}.AppStore|iPhoneSimulator.ActiveCfg = Release|Any CPU
		{EAF121E4-8198-4567-A605-3A48BF07395F}.AppStore|iPhoneSimulator.Build.0 = Release|Any CPU
		{EAF121E4-8198-4567-A605-3A48BF07395F}.AppStore|iPhoneSimulator.Deploy.0 = Release|Any CPU
		{EAF121E4-8198-4567-A605-3A48BF07395F}.Debug|Any CPU.ActiveCfg = Debug|Any CPU
		{EAF121E4-8198-4567-A605-3A48BF07395F}.Debug|Any CPU.Build.0 = Debug|Any CPU
		{EAF121E4-8198-4567-A605-3A48BF07395F}.Debug|Any CPU.Deploy.0 = Debug|Any CPU
		{EAF121E4-8198-4567-A605-3A48BF07395F}.Debug|iPhone.ActiveCfg = Debug|Any CPU
		{EAF121E4-8198-4567-A605-3A48BF07395F}.Debug|iPhone.Build.0 = Debug|Any CPU
		{EAF121E4-8198-4567-A605-3A48BF07395F}.Debug|iPhone.Deploy.0 = Debug|Any CPU
		{EAF121E4-8198-4567-A605-3A48BF07395F}.Debug|iPhoneSimulator.ActiveCfg = Debug|Any CPU
		{EAF121E4-8198-4567-A605-3A48BF07395F}.Debug|iPhoneSimulator.Build.0 = Debug|Any CPU
		{EAF121E4-8198-4567-A605-3A48BF07395F}.Debug|iPhoneSimulator.Deploy.0 = Debug|Any CPU
		{EAF121E4-8198-4567-A605-3A48BF07395F}.Release|Any CPU.ActiveCfg = Release|Any CPU
		{EAF121E4-8198-4567-A605-3A48BF07395F}.Release|Any CPU.Build.0 = Release|Any CPU
		{EAF121E4-8198-4567-A605-3A48BF07395F}.Release|Any CPU.Deploy.0 = Release|Any CPU
		{EAF121E4-8198-4567-A605-3A48BF07395F}.Release|iPhone.ActiveCfg = Release|Any CPU
		{EAF121E4-8198-4567-A605-3A48BF07395F}.Release|iPhone.Build.0 = Release|Any CPU
		{EAF121E4-8198-4567-A605-3A48BF07395F}.Release|iPhone.Deploy.0 = Release|Any CPU
		{EAF121E4-8198-4567-A605-3A48BF07395F}.Release|iPhoneSimulator.ActiveCfg = Release|Any CPU
		{EAF121E4-8198-4567-A605-3A48BF07395F}.Release|iPhoneSimulator.Build.0 = Release|Any CPU
		{EAF121E4-8198-4567-A605-3A48BF07395F}.Release|iPhoneSimulator.Deploy.0 = Release|Any CPU
		{033DEDDB-3E60-482A-9FBD-C6B5826E4D74}.Ad-Hoc|Any CPU.ActiveCfg = Ad-Hoc|iPhone
		{033DEDDB-3E60-482A-9FBD-C6B5826E4D74}.Ad-Hoc|iPhone.ActiveCfg = Ad-Hoc|iPhone
		{033DEDDB-3E60-482A-9FBD-C6B5826E4D74}.Ad-Hoc|iPhone.Build.0 = Ad-Hoc|iPhone
		{033DEDDB-3E60-482A-9FBD-C6B5826E4D74}.Ad-Hoc|iPhoneSimulator.ActiveCfg = Ad-Hoc|iPhoneSimulator
		{033DEDDB-3E60-482A-9FBD-C6B5826E4D74}.Ad-Hoc|iPhoneSimulator.Build.0 = Ad-Hoc|iPhoneSimulator
		{033DEDDB-3E60-482A-9FBD-C6B5826E4D74}.AppStore|Any CPU.ActiveCfg = AppStore|iPhone
		{033DEDDB-3E60-482A-9FBD-C6B5826E4D74}.AppStore|iPhone.ActiveCfg = AppStore|iPhone
		{033DEDDB-3E60-482A-9FBD-C6B5826E4D74}.AppStore|iPhone.Build.0 = AppStore|iPhone
		{033DEDDB-3E60-482A-9FBD-C6B5826E4D74}.AppStore|iPhoneSimulator.ActiveCfg = AppStore|iPhoneSimulator
		{033DEDDB-3E60-482A-9FBD-C6B5826E4D74}.AppStore|iPhoneSimulator.Build.0 = AppStore|iPhoneSimulator
		{033DEDDB-3E60-482A-9FBD-C6B5826E4D74}.Debug|Any CPU.ActiveCfg = Debug|iPhone
		{033DEDDB-3E60-482A-9FBD-C6B5826E4D74}.Debug|iPhone.ActiveCfg = Debug|iPhone
		{033DEDDB-3E60-482A-9FBD-C6B5826E4D74}.Debug|iPhone.Build.0 = Debug|iPhone
		{033DEDDB-3E60-482A-9FBD-C6B5826E4D74}.Debug|iPhoneSimulator.ActiveCfg = Debug|iPhoneSimulator
		{033DEDDB-3E60-482A-9FBD-C6B5826E4D74}.Debug|iPhoneSimulator.Build.0 = Debug|iPhoneSimulator
		{033DEDDB-3E60-482A-9FBD-C6B5826E4D74}.Release|Any CPU.ActiveCfg = Release|iPhone
		{033DEDDB-3E60-482A-9FBD-C6B5826E4D74}.Release|iPhone.ActiveCfg = Release|iPhone
		{033DEDDB-3E60-482A-9FBD-C6B5826E4D74}.Release|iPhone.Build.0 = Release|iPhone
		{033DEDDB-3E60-482A-9FBD-C6B5826E4D74}.Release|iPhoneSimulator.ActiveCfg = Release|iPhoneSimulator
		{033DEDDB-3E60-482A-9FBD-C6B5826E4D74}.Release|iPhoneSimulator.Build.0 = Release|iPhoneSimulator
		{35FA2530-DB57-4D5C-ABC2-CD076EA9A7D5}.Ad-Hoc|Any CPU.ActiveCfg = Release|Any CPU
		{35FA2530-DB57-4D5C-ABC2-CD076EA9A7D5}.Ad-Hoc|Any CPU.Build.0 = Release|Any CPU
		{35FA2530-DB57-4D5C-ABC2-CD076EA9A7D5}.Ad-Hoc|iPhone.ActiveCfg = Release|Any CPU
		{35FA2530-DB57-4D5C-ABC2-CD076EA9A7D5}.Ad-Hoc|iPhone.Build.0 = Release|Any CPU
		{35FA2530-DB57-4D5C-ABC2-CD076EA9A7D5}.Ad-Hoc|iPhoneSimulator.ActiveCfg = Release|Any CPU
		{35FA2530-DB57-4D5C-ABC2-CD076EA9A7D5}.Ad-Hoc|iPhoneSimulator.Build.0 = Release|Any CPU
		{35FA2530-DB57-4D5C-ABC2-CD076EA9A7D5}.AppStore|Any CPU.ActiveCfg = Release|Any CPU
		{35FA2530-DB57-4D5C-ABC2-CD076EA9A7D5}.AppStore|Any CPU.Build.0 = Release|Any CPU
		{35FA2530-DB57-4D5C-ABC2-CD076EA9A7D5}.AppStore|iPhone.ActiveCfg = Release|Any CPU
		{35FA2530-DB57-4D5C-ABC2-CD076EA9A7D5}.AppStore|iPhone.Build.0 = Release|Any CPU
		{35FA2530-DB57-4D5C-ABC2-CD076EA9A7D5}.AppStore|iPhoneSimulator.ActiveCfg = Release|Any CPU
		{35FA2530-DB57-4D5C-ABC2-CD076EA9A7D5}.AppStore|iPhoneSimulator.Build.0 = Release|Any CPU
		{35FA2530-DB57-4D5C-ABC2-CD076EA9A7D5}.Debug|Any CPU.ActiveCfg = Debug|Any CPU
		{35FA2530-DB57-4D5C-ABC2-CD076EA9A7D5}.Debug|Any CPU.Build.0 = Debug|Any CPU
		{35FA2530-DB57-4D5C-ABC2-CD076EA9A7D5}.Debug|iPhone.ActiveCfg = Debug|Any CPU
		{35FA2530-DB57-4D5C-ABC2-CD076EA9A7D5}.Debug|iPhone.Build.0 = Debug|Any CPU
		{35FA2530-DB57-4D5C-ABC2-CD076EA9A7D5}.Debug|iPhoneSimulator.ActiveCfg = Debug|Any CPU
		{35FA2530-DB57-4D5C-ABC2-CD076EA9A7D5}.Debug|iPhoneSimulator.Build.0 = Debug|Any CPU
		{35FA2530-DB57-4D5C-ABC2-CD076EA9A7D5}.Release|Any CPU.ActiveCfg = Release|Any CPU
		{35FA2530-DB57-4D5C-ABC2-CD076EA9A7D5}.Release|Any CPU.Build.0 = Release|Any CPU
		{35FA2530-DB57-4D5C-ABC2-CD076EA9A7D5}.Release|iPhone.ActiveCfg = Release|Any CPU
		{35FA2530-DB57-4D5C-ABC2-CD076EA9A7D5}.Release|iPhone.Build.0 = Release|Any CPU
		{35FA2530-DB57-4D5C-ABC2-CD076EA9A7D5}.Release|iPhoneSimulator.ActiveCfg = Release|Any CPU
		{35FA2530-DB57-4D5C-ABC2-CD076EA9A7D5}.Release|iPhoneSimulator.Build.0 = Release|Any CPU
	EndGlobalSection
	GlobalSection(SolutionProperties) = preSolution
		HideSolutionNode = FALSE
	EndGlobalSection
EndGlobal
